
Microsoft Visual Studio Solution File, Format Version 12.00
# Visual Studio 15
VisualStudioVersion = 15.0.28307.645
MinimumVisualStudioVersion = 10.0.40219.1
Project("{FAE04EC0-301F-11D3-BF4B-00C04F79EFBC}") = "BooksApi", "BooksApi\BooksApi.csproj", "{A008D513-B70C-451B-894E-E46D7D9C4F90}"
EndProject
Global
	GlobalSection(SolutionConfigurationPlatforms) = preSolution
		Debug|Any CPU = Debug|Any CPU
		Release|Any CPU = Release|Any CPU
	EndGlobalSection
	GlobalSection(ProjectConfigurationPlatforms) = postSolution
		{A008D513-B70C-451B-894E-E46D7D9C4F90}.Debug|Any CPU.ActiveCfg = Debug|Any CPU
		{A008D513-B70C-451B-894E-E46D7D9C4F90}.Debug|Any CPU.Build.0 = Debug|Any CPU
		{A008D513-B70C-451B-894E-E46D7D9C4F90}.Release|Any CPU.ActiveCfg = Release|Any CPU
		{A008D513-B70C-451B-894E-E46D7D9C4F90}.Release|Any CPU.Build.0 = Release|Any CPU
	EndGlobalSection
	GlobalSection(SolutionProperties) = preSolution
		HideSolutionNode = FALSE
	EndGlobalSection
	GlobalSection(ExtensibilityGlobals) = postSolution
		SolutionGuid = {CA798A7F-2232-4D91-93B2-B6C5B49AFBE6}
	EndGlobalSection
EndGlobal
